
Microsoft Visual Studio Solution File, Format Version 12.00
# Visual Studio Version 16
VisualStudioVersion = 16.0.31402.337
MinimumVisualStudioVersion = 10.0.40219.1
Project("{FAE04EC0-301F-11D3-BF4B-00C04F79EFBC}") = "TelefonRehberi", "TelefonRehberi\TelefonRehberi.csproj", "{455B75A7-1F31-41AC-ABBC-8E92ECC7F036}"
EndProject
Global
	GlobalSection(SolutionConfigurationPlatforms) = preSolution
		Debug|Any CPU = Debug|Any CPU
		Release|Any CPU = Release|Any CPU
	EndGlobalSection
	GlobalSection(ProjectConfigurationPlatforms) = postSolution
		{455B75A7-1F31-41AC-ABBC-8E92ECC7F036}.Debug|Any CPU.ActiveCfg = Debug|Any CPU
		{455B75A7-1F31-41AC-ABBC-8E92ECC7F036}.Debug|Any CPU.Build.0 = Debug|Any CPU
		{455B75A7-1F31-41AC-ABBC-8E92ECC7F036}.Release|Any CPU.ActiveCfg = Release|Any CPU
		{455B75A7-1F31-41AC-ABBC-8E92ECC7F036}.Release|Any CPU.Build.0 = Release|Any CPU
	EndGlobalSection
	GlobalSection(SolutionProperties) = preSolution
		HideSolutionNode = FALSE
	EndGlobalSection
	GlobalSection(ExtensibilityGlobals) = postSolution
		SolutionGuid = {FE457BDD-6448-48A7-82F4-47773D26437B}
	EndGlobalSection
EndGlobal
