
Microsoft Visual Studio Solution File, Format Version 12.00
# Visual Studio Version 16
VisualStudioVersion = 16.0.31402.337
MinimumVisualStudioVersion = 10.0.40219.1
Project("{FAE04EC0-301F-11D3-BF4B-00C04F79EFBC}") = "Enum_", "Enum_\Enum_.csproj", "{8DD643D0-A47A-41E8-8CC1-77BC44209F84}"
EndProject
Global
	GlobalSection(SolutionConfigurationPlatforms) = preSolution
		Debug|Any CPU = Debug|Any CPU
		Release|Any CPU = Release|Any CPU
	EndGlobalSection
	GlobalSection(ProjectConfigurationPlatforms) = postSolution
		{8DD643D0-A47A-41E8-8CC1-77BC44209F84}.Debug|Any CPU.ActiveCfg = Debug|Any CPU
		{8DD643D0-A47A-41E8-8CC1-77BC44209F84}.Debug|Any CPU.Build.0 = Debug|Any CPU
		{8DD643D0-A47A-41E8-8CC1-77BC44209F84}.Release|Any CPU.ActiveCfg = Release|Any CPU
		{8DD643D0-A47A-41E8-8CC1-77BC44209F84}.Release|Any CPU.Build.0 = Release|Any CPU
	EndGlobalSection
	GlobalSection(SolutionProperties) = preSolution
		HideSolutionNode = FALSE
	EndGlobalSection
	GlobalSection(ExtensibilityGlobals) = postSolution
		SolutionGuid = {271F4C36-3CD6-4AFD-8673-70FF4CA5A6BD}
	EndGlobalSection
EndGlobal
