
Microsoft Visual Studio Solution File, Format Version 12.00
# Visual Studio Version 16
VisualStudioVersion = 16.0.31402.337
MinimumVisualStudioVersion = 10.0.40219.1
Project("{FAE04EC0-301F-11D3-BF4B-00C04F79EFBC}") = "Interfaces_", "Interfaces_\Interfaces_.csproj", "{3310B090-7A8D-4837-B7C7-8501275D8353}"
EndProject
Global
	GlobalSection(SolutionConfigurationPlatforms) = preSolution
		Debug|Any CPU = Debug|Any CPU
		Release|Any CPU = Release|Any CPU
	EndGlobalSection
	GlobalSection(ProjectConfigurationPlatforms) = postSolution
		{3310B090-7A8D-4837-B7C7-8501275D8353}.Debug|Any CPU.ActiveCfg = Debug|Any CPU
		{3310B090-7A8D-4837-B7C7-8501275D8353}.Debug|Any CPU.Build.0 = Debug|Any CPU
		{3310B090-7A8D-4837-B7C7-8501275D8353}.Release|Any CPU.ActiveCfg = Release|Any CPU
		{3310B090-7A8D-4837-B7C7-8501275D8353}.Release|Any CPU.Build.0 = Release|Any CPU
	EndGlobalSection
	GlobalSection(SolutionProperties) = preSolution
		HideSolutionNode = FALSE
	EndGlobalSection
	GlobalSection(ExtensibilityGlobals) = postSolution
		SolutionGuid = {4BBB2FDE-29FF-4FEC-BB10-E2F7FF218030}
	EndGlobalSection
EndGlobal
